// !$*UTF8*$!
{
	archiveVersion = 1;
	classes = {
	};
	objectVersion = 56;
	objects = {

/* Begin PBXBuildFile section */
		D4EAA0F029E9ACA300479427 /* AppDelegate.swift in Sources */ = {isa = PBXBuildFile; fileRef = D4EAA0EF29E9ACA300479427 /* AppDelegate.swift */; };
		D4EAA0F229E9ACA300479427 /* SceneDelegate.swift in Sources */ = {isa = PBXBuildFile; fileRef = D4EAA0F129E9ACA300479427 /* SceneDelegate.swift */; };
		D4EAA0F429E9ACA300479427 /* ViewController.swift in Sources */ = {isa = PBXBuildFile; fileRef = D4EAA0F329E9ACA300479427 /* ViewController.swift */; };
		D4EAA0F729E9ACA300479427 /* Main.storyboard in Resources */ = {isa = PBXBuildFile; fileRef = D4EAA0F529E9ACA300479427 /* Main.storyboard */; };
		D4EAA0F929E9ACA500479427 /* Assets.xcassets in Resources */ = {isa = PBXBuildFile; fileRef = D4EAA0F829E9ACA500479427 /* Assets.xcassets */; };
		D4EAA0FC29E9ACA500479427 /* LaunchScreen.storyboard in Resources */ = {isa = PBXBuildFile; fileRef = D4EAA0FA29E9ACA500479427 /* LaunchScreen.storyboard */; };
		D4EAA10429E9AD1E00479427 /* BooksModel.swift in Sources */ = {isa = PBXBuildFile; fileRef = D4EAA10329E9AD1E00479427 /* BooksModel.swift */; };
		D4EAA10629E9B21D00479427 /* ServiceApi.swift in Sources */ = {isa = PBXBuildFile; fileRef = D4EAA10529E9B21D00479427 /* ServiceApi.swift */; };
		D4EAA10829EAEAD100479427 /* BooksListViewController.swift in Sources */ = {isa = PBXBuildFile; fileRef = D4EAA10729EAEAD100479427 /* BooksListViewController.swift */; };
		D4EAA10C29EAF3FE00479427 /* XibBooksTableViewCell.xib in Resources */ = {isa = PBXBuildFile; fileRef = D4EAA10B29EAF3FE00479427 /* XibBooksTableViewCell.xib */; };
		D4EAA10E29EAF95800479427 /* XibBooksTableViewCell.swift in Sources */ = {isa = PBXBuildFile; fileRef = D4EAA10D29EAF95800479427 /* XibBooksTableViewCell.swift */; };
/* End PBXBuildFile section */

/* Begin PBXFileReference section */
		D4EAA0EC29E9ACA300479427 /* MyLib.app */ = {isa = PBXFileReference; explicitFileType = wrapper.application; includeInIndex = 0; path = MyLib.app; sourceTree = BUILT_PRODUCTS_DIR; };
		D4EAA0EF29E9ACA300479427 /* AppDelegate.swift */ = {isa = PBXFileReference; lastKnownFileType = sourcecode.swift; path = AppDelegate.swift; sourceTree = "<group>"; };
		D4EAA0F129E9ACA300479427 /* SceneDelegate.swift */ = {isa = PBXFileReference; lastKnownFileType = sourcecode.swift; path = SceneDelegate.swift; sourceTree = "<group>"; };
		D4EAA0F329E9ACA300479427 /* ViewController.swift */ = {isa = PBXFileReference; lastKnownFileType = sourcecode.swift; path = ViewController.swift; sourceTree = "<group>"; };
		D4EAA0F629E9ACA300479427 /* Base */ = {isa = PBXFileReference; lastKnownFileType = file.storyboard; name = Base; path = Base.lproj/Main.storyboard; sourceTree = "<group>"; };
		D4EAA0F829E9ACA500479427 /* Assets.xcassets */ = {isa = PBXFileReference; lastKnownFileType = folder.assetcatalog; path = Assets.xcassets; sourceTree = "<group>"; };
		D4EAA0FB29E9ACA500479427 /* Base */ = {isa = PBXFileReference; lastKnownFileType = file.storyboard; name = Base; path = Base.lproj/LaunchScreen.storyboard; sourceTree = "<group>"; };
		D4EAA0FD29E9ACA500479427 /* Info.plist */ = {isa = PBXFileReference; lastKnownFileType = text.plist.xml; path = Info.plist; sourceTree = "<group>"; };
		D4EAA10329E9AD1E00479427 /* BooksModel.swift */ = {isa = PBXFileReference; lastKnownFileType = sourcecode.swift; path = BooksModel.swift; sourceTree = "<group>"; };
		D4EAA10529E9B21D00479427 /* ServiceApi.swift */ = {isa = PBXFileReference; lastKnownFileType = sourcecode.swift; path = ServiceApi.swift; sourceTree = "<group>"; };
		D4EAA10729EAEAD100479427 /* BooksListViewController.swift */ = {isa = PBXFileReference; lastKnownFileType = sourcecode.swift; path = BooksListViewController.swift; sourceTree = "<group>"; };
		D4EAA10B29EAF3FE00479427 /* XibBooksTableViewCell.xib */ = {isa = PBXFileReference; lastKnownFileType = file.xib; path = XibBooksTableViewCell.xib; sourceTree = "<group>"; };
		D4EAA10D29EAF95800479427 /* XibBooksTableViewCell.swift */ = {isa = PBXFileReference; lastKnownFileType = sourcecode.swift; path = XibBooksTableViewCell.swift; sourceTree = "<group>"; };
/* End PBXFileReference section */

/* Begin PBXFrameworksBuildPhase section */
		D4EAA0E929E9ACA300479427 /* Frameworks */ = {
			isa = PBXFrameworksBuildPhase;
			buildActionMask = 2147483647;
			files = (
			);
			runOnlyForDeploymentPostprocessing = 0;
		};
/* End PBXFrameworksBuildPhase section */

/* Begin PBXGroup section */
		D4EAA0E329E9ACA300479427 = {
			isa = PBXGroup;
			children = (
				D4EAA0EE29E9ACA300479427 /* MyLib */,
				D4EAA0ED29E9ACA300479427 /* Products */,
			);
			sourceTree = "<group>";
		};
		D4EAA0ED29E9ACA300479427 /* Products */ = {
			isa = PBXGroup;
			children = (
				D4EAA0EC29E9ACA300479427 /* MyLib.app */,
			);
			name = Products;
			sourceTree = "<group>";
		};
		D4EAA0EE29E9ACA300479427 /* MyLib */ = {
			isa = PBXGroup;
			children = (
				D4EAA0EF29E9ACA300479427 /* AppDelegate.swift */,
				D4EAA0F129E9ACA300479427 /* SceneDelegate.swift */,
				D4EAA0F329E9ACA300479427 /* ViewController.swift */,
				D4EAA10729EAEAD100479427 /* BooksListViewController.swift */,
				D4EAA10B29EAF3FE00479427 /* XibBooksTableViewCell.xib */,
				D4EAA10D29EAF95800479427 /* XibBooksTableViewCell.swift */,
				D4EAA10329E9AD1E00479427 /* BooksModel.swift */,
				D4EAA10529E9B21D00479427 /* ServiceApi.swift */,
				D4EAA0F529E9ACA300479427 /* Main.storyboard */,
				D4EAA0F829E9ACA500479427 /* Assets.xcassets */,
				D4EAA0FA29E9ACA500479427 /* LaunchScreen.storyboard */,
				D4EAA0FD29E9ACA500479427 /* Info.plist */,
			);
			path = MyLib;
			sourceTree = "<group>";
		};
/* End PBXGroup section */

/* Begin PBXNativeTarget section */
		D4EAA0EB29E9ACA300479427 /* MyLib */ = {
			isa = PBXNativeTarget;
			buildConfigurationList = D4EAA10029E9ACA500479427 /* Build configuration list for PBXNativeTarget "MyLib" */;
			buildPhases = (
				D4EAA0E829E9ACA300479427 /* Sources */,
				D4EAA0E929E9ACA300479427 /* Frameworks */,
				D4EAA0EA29E9ACA300479427 /* Resources */,
			);
			buildRules = (
			);
			dependencies = (
			);
			name = MyLib;
			productName = MyLib;
			productReference = D4EAA0EC29E9ACA300479427 /* MyLib.app */;
			productType = "com.apple.product-type.application";
		};
/* End PBXNativeTarget section */

/* Begin PBXProject section */
		D4EAA0E429E9ACA300479427 /* Project object */ = {
			isa = PBXProject;
			attributes = {
				BuildIndependentTargetsInParallel = 1;
				LastSwiftUpdateCheck = 1410;
				LastUpgradeCheck = 1410;
				TargetAttributes = {
					D4EAA0EB29E9ACA300479427 = {
						CreatedOnToolsVersion = 14.1;
					};
				};
			};
			buildConfigurationList = D4EAA0E729E9ACA300479427 /* Build configuration list for PBXProject "MyLib" */;
			compatibilityVersion = "Xcode 14.0";
			developmentRegion = en;
			hasScannedForEncodings = 0;
			knownRegions = (
				en,
				Base,
			);
			mainGroup = D4EAA0E329E9ACA300479427;
			productRefGroup = D4EAA0ED29E9ACA300479427 /* Products */;
			projectDirPath = "";
			projectRoot = "";
			targets = (
				D4EAA0EB29E9ACA300479427 /* MyLib */,
			);
		};
/* End PBXProject section */

/* Begin PBXResourcesBuildPhase section */
		D4EAA0EA29E9ACA300479427 /* Resources */ = {
			isa = PBXResourcesBuildPhase;
			buildActionMask = 2147483647;
			files = (
				D4EAA0FC29E9ACA500479427 /* LaunchScreen.storyboard in Resources */,
				D4EAA0F929E9ACA500479427 /* Assets.xcassets in Resources */,
				D4EAA10C29EAF3FE00479427 /* XibBooksTableViewCell.xib in Resources */,
				D4EAA0F729E9ACA300479427 /* Main.storyboard in Resources */,
			);
			runOnlyForDeploymentPostprocessing = 0;
		};
/* End PBXResourcesBuildPhase section */

/* Begin PBXSourcesBuildPhase section */
		D4EAA0E829E9ACA300479427 /* Sources */ = {
			isa = PBXSourcesBuildPhase;
			buildActionMask = 2147483647;
			files = (
				D4EAA0F429E9ACA300479427 /* ViewController.swift in Sources */,
				D4EAA0F029E9ACA300479427 /* AppDelegate.swift in Sources */,
				D4EAA10429E9AD1E00479427 /* BooksModel.swift in Sources */,
				D4EAA10E29EAF95800479427 /* XibBooksTableViewCell.swift in Sources */,
				D4EAA0F229E9ACA300479427 /* SceneDelegate.swift in Sources */,
				D4EAA10629E9B21D00479427 /* ServiceApi.swift in Sources */,
				D4EAA10829EAEAD100479427 /* BooksListViewController.swift in Sources */,
			);
			runOnlyForDeploymentPostprocessing = 0;
		};
/* End PBXSourcesBuildPhase section */

/* Begin PBXVariantGroup section */
		D4EAA0F529E9ACA300479427 /* Main.storyboard */ = {
			isa = PBXVariantGroup;
			children = (
				D4EAA0F629E9ACA300479427 /* Base */,
			);
			name = Main.storyboard;
			sourceTree = "<group>";
		};
		D4EAA0FA29E9ACA500479427 /* LaunchScreen.storyboard */ = {
			isa = PBXVariantGroup;
			children = (
				D4EAA0FB29E9ACA500479427 /* Base */,
			);
			name = LaunchScreen.storyboard;
			sourceTree = "<group>";
		};
/* End PBXVariantGroup section */

/* Begin XCBuildConfiguration section */
		D4EAA0FE29E9ACA500479427 /* Debug */ = {
			isa = XCBuildConfiguration;
			buildSettings = {
				ALWAYS_SEARCH_USER_PATHS = NO;
				CLANG_ANALYZER_NONNULL = YES;
				CLANG_ANALYZER_NUMBER_OBJECT_CONVERSION = YES_AGGRESSIVE;
				CLANG_CXX_LANGUAGE_STANDARD = "gnu++20";
				CLANG_ENABLE_MODULES = YES;
				CLANG_ENABLE_OBJC_ARC = YES;
				CLANG_ENABLE_OBJC_WEAK = YES;
				CLANG_WARN_BLOCK_CAPTURE_AUTORELEASING = YES;
				CLANG_WARN_BOOL_CONVERSION = YES;
				CLANG_WARN_COMMA = YES;
				CLANG_WARN_CONSTANT_CONVERSION = YES;
				CLANG_WARN_DEPRECATED_OBJC_IMPLEMENTATIONS = YES;
				CLANG_WARN_DIRECT_OBJC_ISA_USAGE = YES_ERROR;
				CLANG_WARN_DOCUMENTATION_COMMENTS = YES;
				CLANG_WARN_EMPTY_BODY = YES;
				CLANG_WARN_ENUM_CONVERSION = YES;
				CLANG_WARN_INFINITE_RECURSION = YES;
				CLANG_WARN_INT_CONVERSION = YES;
				CLANG_WARN_NON_LITERAL_NULL_CONVERSION = YES;
				CLANG_WARN_OBJC_IMPLICIT_RETAIN_SELF = YES;
				CLANG_WARN_OBJC_LITERAL_CONVERSION = YES;
				CLANG_WARN_OBJC_ROOT_CLASS = YES_ERROR;
				CLANG_WARN_QUOTED_INCLUDE_IN_FRAMEWORK_HEADER = YES;
				CLANG_WARN_RANGE_LOOP_ANALYSIS = YES;
				CLANG_WARN_STRICT_PROTOTYPES = YES;
				CLANG_WARN_SUSPICIOUS_MOVE = YES;
				CLANG_WARN_UNGUARDED_AVAILABILITY = YES_AGGRESSIVE;
				CLANG_WARN_UNREACHABLE_CODE = YES;
				CLANG_WARN__DUPLICATE_METHOD_MATCH = YES;
				COPY_PHASE_STRIP = NO;
				DEBUG_INFORMATION_FORMAT = dwarf;
				ENABLE_STRICT_OBJC_MSGSEND = YES;
				ENABLE_TESTABILITY = YES;
				GCC_C_LANGUAGE_STANDARD = gnu11;
				GCC_DYNAMIC_NO_PIC = NO;
				GCC_NO_COMMON_BLOCKS = YES;
				GCC_OPTIMIZATION_LEVEL = 0;
				GCC_PREPROCESSOR_DEFINITIONS = (
					"DEBUG=1",
					"$(inherited)",
				);
				GCC_WARN_64_TO_32_BIT_CONVERSION = YES;
				GCC_WARN_ABOUT_RETURN_TYPE = YES_ERROR;
				GCC_WARN_UNDECLARED_SELECTOR = YES;
				GCC_WARN_UNINITIALIZED_AUTOS = YES_AGGRESSIVE;
				GCC_WARN_UNUSED_FUNCTION = YES;
				GCC_WARN_UNUSED_VARIABLE = YES;
				IPHONEOS_DEPLOYMENT_TARGET = 13.0;
				MTL_ENABLE_DEBUG_INFO = INCLUDE_SOURCE;
				MTL_FAST_MATH = YES;
				ONLY_ACTIVE_ARCH = YES;
				SDKROOT = iphoneos;
				SWIFT_ACTIVE_COMPILATION_CONDITIONS = DEBUG;
				SWIFT_OPTIMIZATION_LEVEL = "-Onone";
			};
			name = Debug;
		};
		D4EAA0FF29E9ACA500479427 /* Release */ = {
			isa = XCBuildConfiguration;
			buildSettings = {
				ALWAYS_SEARCH_USER_PATHS = NO;
				CLANG_ANALYZER_NONNULL = YES;
				CLANG_ANALYZER_NUMBER_OBJECT_CONVERSION = YES_AGGRESSIVE;
				CLANG_CXX_LANGUAGE_STANDARD = "gnu++20";
				CLANG_ENABLE_MODULES = YES;
				CLANG_ENABLE_OBJC_ARC = YES;
				CLANG_ENABLE_OBJC_WEAK = YES;
				CLANG_WARN_BLOCK_CAPTURE_AUTORELEASING = YES;
				CLANG_WARN_BOOL_CONVERSION = YES;
				CLANG_WARN_COMMA = YES;
				CLANG_WARN_CONSTANT_CONVERSION = YES;
				CLANG_WARN_DEPRECATED_OBJC_IMPLEMENTATIONS = YES;
				CLANG_WARN_DIRECT_OBJC_ISA_USAGE = YES_ERROR;
				CLANG_WARN_DOCUMENTATION_COMMENTS = YES;
				CLANG_WARN_EMPTY_BODY = YES;
				CLANG_WARN_ENUM_CONVERSION = YES;
				CLANG_WARN_INFINITE_RECURSION = YES;
				CLANG_WARN_INT_CONVERSION = YES;
				CLANG_WARN_NON_LITERAL_NULL_CONVERSION = YES;
				CLANG_WARN_OBJC_IMPLICIT_RETAIN_SELF = YES;
				CLANG_WARN_OBJC_LITERAL_CONVERSION = YES;
				CLANG_WARN_OBJC_ROOT_CLASS = YES_ERROR;
				CLANG_WARN_QUOTED_INCLUDE_IN_FRAMEWORK_HEADER = YES;
				CLANG_WARN_RANGE_LOOP_ANALYSIS = YES;
				CLANG_WARN_STRICT_PROTOTYPES = YES;
				CLANG_WARN_SUSPICIOUS_MOVE = YES;
				CLANG_WARN_UNGUARDED_AVAILABILITY = YES_AGGRESSIVE;
				CLANG_WARN_UNREACHABLE_CODE = YES;
				CLANG_WARN__DUPLICATE_METHOD_MATCH = YES;
				COPY_PHASE_STRIP = NO;
				DEBUG_INFORMATION_FORMAT = "dwarf-with-dsym";
				ENABLE_NS_ASSERTIONS = NO;
				ENABLE_STRICT_OBJC_MSGSEND = YES;
				GCC_C_LANGUAGE_STANDARD = gnu11;
				GCC_NO_COMMON_BLOCKS = YES;
				GCC_WARN_64_TO_32_BIT_CONVERSION = YES;
				GCC_WARN_ABOUT_RETURN_TYPE = YES_ERROR;
				GCC_WARN_UNDECLARED_SELECTOR = YES;
				GCC_WARN_UNINITIALIZED_AUTOS = YES_AGGRESSIVE;
				GCC_WARN_UNUSED_FUNCTION = YES;
				GCC_WARN_UNUSED_VARIABLE = YES;
				IPHONEOS_DEPLOYMENT_TARGET = 13.0;
				MTL_ENABLE_DEBUG_INFO = NO;
				MTL_FAST_MATH = YES;
				SDKROOT = iphoneos;
				SWIFT_COMPILATION_MODE = wholemodule;
				SWIFT_OPTIMIZATION_LEVEL = "-O";
				VALIDATE_PRODUCT = YES;
			};
			name = Release;
		};
		D4EAA10129E9ACA500479427 /* Debug */ = {
			isa = XCBuildConfiguration;
			buildSettings = {
				ASSETCATALOG_COMPILER_APPICON_NAME = AppIcon;
				ASSETCATALOG_COMPILER_GLOBAL_ACCENT_COLOR_NAME = AccentColor;
				CODE_SIGN_STYLE = Automatic;
				CURRENT_PROJECT_VERSION = 1;
				GENERATE_INFOPLIST_FILE = YES;
				INFOPLIST_FILE = MyLib/Info.plist;
				INFOPLIST_KEY_UIApplicationSupportsIndirectInputEvents = YES;
				INFOPLIST_KEY_UILaunchStoryboardName = LaunchScreen;
				INFOPLIST_KEY_UIMainStoryboardFile = Main;
				INFOPLIST_KEY_UISupportedInterfaceOrientations_iPad = "UIInterfaceOrientationPortrait UIInterfaceOrientationPortraitUpsideDown UIInterfaceOrientationLandscapeLeft UIInterfaceOrientationLandscapeRight";
				INFOPLIST_KEY_UISupportedInterfaceOrientations_iPhone = "UIInterfaceOrientationPortrait UIInterfaceOrientationLandscapeLeft UIInterfaceOrientationLandscapeRight";
				IPHONEOS_DEPLOYMENT_TARGET = 13.0;
				LD_RUNPATH_SEARCH_PATHS = (
					"$(inherited)",
					"@executable_path/Frameworks",
				);
				MARKETING_VERSION = 1.0;
				PRODUCT_BUNDLE_IDENTIFIER = by.ap12.MyLib;
				PRODUCT_NAME = "$(TARGET_NAME)";
				SWIFT_EMIT_LOC_STRINGS = YES;
				SWIFT_VERSION = 5.0;
				TARGETED_DEVICE_FAMILY = "1,2";
			};
			name = Debug;
		};
		D4EAA10229E9ACA500479427 /* Release */ = {
			isa = XCBuildConfiguration;
			buildSettings = {
				ASSETCATALOG_COMPILER_APPICON_NAME = AppIcon;
				ASSETCATALOG_COMPILER_GLOBAL_ACCENT_COLOR_NAME = AccentColor;
				CODE_SIGN_STYLE = Automatic;
				CURRENT_PROJECT_VERSION = 1;
				GENERATE_INFOPLIST_FILE = YES;
				INFOPLIST_FILE = MyLib/Info.plist;
				INFOPLIST_KEY_UIApplicationSupportsIndirectInputEvents = YES;
				INFOPLIST_KEY_UILaunchStoryboardName = LaunchScreen;
				INFOPLIST_KEY_UIMainStoryboardFile = Main;
				INFOPLIST_KEY_UISupportedInterfaceOrientations_iPad = "UIInterfaceOrientationPortrait UIInterfaceOrientationPortraitUpsideDown UIInterfaceOrientationLandscapeLeft UIInterfaceOrientationLandscapeRight";
				INFOPLIST_KEY_UISupportedInterfaceOrientations_iPhone = "UIInterfaceOrientationPortrait UIInterfaceOrientationLandscapeLeft UIInterfaceOrientationLandscapeRight";
				IPHONEOS_DEPLOYMENT_TARGET = 13.0;
				LD_RUNPATH_SEARCH_PATHS = (
					"$(inherited)",
					"@executable_path/Frameworks",
				);
				MARKETING_VERSION = 1.0;
				PRODUCT_BUNDLE_IDENTIFIER = by.ap12.MyLib;
				PRODUCT_NAME = "$(TARGET_NAME)";
				SWIFT_EMIT_LOC_STRINGS = YES;
				SWIFT_VERSION = 5.0;
				TARGETED_DEVICE_FAMILY = "1,2";
			};
			name = Release;
		};
/* End XCBuildConfiguration section */

/* Begin XCConfigurationList section */
		D4EAA0E729E9ACA300479427 /* Build configuration list for PBXProject "MyLib" */ = {
			isa = XCConfigurationList;
			buildConfigurations = (
				D4EAA0FE29E9ACA500479427 /* Debug */,
				D4EAA0FF29E9ACA500479427 /* Release */,
			);
			defaultConfigurationIsVisible = 0;
			defaultConfigurationName = Release;
		};
		D4EAA10029E9ACA500479427 /* Build configuration list for PBXNativeTarget "MyLib" */ = {
			isa = XCConfigurationList;
			buildConfigurations = (
				D4EAA10129E9ACA500479427 /* Debug */,
				D4EAA10229E9ACA500479427 /* Release */,
			);
			defaultConfigurationIsVisible = 0;
			defaultConfigurationName = Release;
		};
/* End XCConfigurationList section */
	};
	rootObject = D4EAA0E429E9ACA300479427 /* Project object */;
}
